
Microsoft Visual Studio Solution File, Format Version 12.00
# Visual Studio 2012
Project("{FAE04EC0-301F-11D3-BF4B-00C04F79EFBC}") = "QuanLiTour", "QuanLiTour.csproj", "{F6C64D77-90A7-4A2C-9D60-F0B991DACA3F}"
EndProject
Project("{FAE04EC0-301F-11D3-BF4B-00C04F79EFBC}") = "ThietKeControls", "..\ThietKeControls\ThietKeControls.csproj", "{44475DB9-1DAA-4F8B-8308-EE6ED4357845}"
EndProject
Global
	GlobalSection(SolutionConfigurationPlatforms) = preSolution
		Debug|Any CPU = Debug|Any CPU
		Release|Any CPU = Release|Any CPU
	EndGlobalSection
	GlobalSection(ProjectConfigurationPlatforms) = postSolution
		{F6C64D77-90A7-4A2C-9D60-F0B991DACA3F}.Debug|Any CPU.ActiveCfg = Debug|Any CPU
		{F6C64D77-90A7-4A2C-9D60-F0B991DACA3F}.Debug|Any CPU.Build.0 = Debug|Any CPU
		{F6C64D77-90A7-4A2C-9D60-F0B991DACA3F}.Release|Any CPU.ActiveCfg = Release|Any CPU
		{F6C64D77-90A7-4A2C-9D60-F0B991DACA3F}.Release|Any CPU.Build.0 = Release|Any CPU
		{44475DB9-1DAA-4F8B-8308-EE6ED4357845}.Debug|Any CPU.ActiveCfg = Debug|Any CPU
		{44475DB9-1DAA-4F8B-8308-EE6ED4357845}.Debug|Any CPU.Build.0 = Debug|Any CPU
		{44475DB9-1DAA-4F8B-8308-EE6ED4357845}.Release|Any CPU.ActiveCfg = Release|Any CPU
		{44475DB9-1DAA-4F8B-8308-EE6ED4357845}.Release|Any CPU.Build.0 = Release|Any CPU
	EndGlobalSection
	GlobalSection(SolutionProperties) = preSolution
		HideSolutionNode = FALSE
	EndGlobalSection
EndGlobal
